
Microsoft Visual Studio Solution File, Format Version 12.00
# Visual Studio 2013
VisualStudioVersion = 12.0.30501.0
MinimumVisualStudioVersion = 10.0.40219.1
Project("{FAE04EC0-301F-11D3-BF4B-00C04F79EFBC}") = "DAL", "DAL\DAL.csproj", "{16884040-49D8-4052-9658-85141D4F8E0C}"
EndProject
Project("{FAE04EC0-301F-11D3-BF4B-00C04F79EFBC}") = "BAL", "BAL\BAL.csproj", "{7596CA0A-210F-4D44-BAAF-B808ECC15A3D}"
EndProject
Project("{FAE04EC0-301F-11D3-BF4B-00C04F79EFBC}") = "JobFair", "JobFair\JobFair.csproj", "{DA6438C6-3628-45C1-A3B1-14D1A4295B2B}"
EndProject
Project("{FAE04EC0-301F-11D3-BF4B-00C04F79EFBC}") = "CommonUtil", "CommonUtil\CommonUtil.csproj", "{8B683F96-6D4F-4B61-BD26-747D06A7F4F5}"
EndProject
Project("{FAE04EC0-301F-11D3-BF4B-00C04F79EFBC}") = "Entities", "Entities\Entities.csproj", "{4AF13C7C-524F-46B4-AE17-2D544EE26621}"
EndProject
Global
	GlobalSection(SolutionConfigurationPlatforms) = preSolution
		Debug|Any CPU = Debug|Any CPU
		Release|Any CPU = Release|Any CPU
	EndGlobalSection
	GlobalSection(ProjectConfigurationPlatforms) = postSolution
		{16884040-49D8-4052-9658-85141D4F8E0C}.Debug|Any CPU.ActiveCfg = Debug|Any CPU
		{16884040-49D8-4052-9658-85141D4F8E0C}.Debug|Any CPU.Build.0 = Debug|Any CPU
		{16884040-49D8-4052-9658-85141D4F8E0C}.Release|Any CPU.ActiveCfg = Release|Any CPU
		{16884040-49D8-4052-9658-85141D4F8E0C}.Release|Any CPU.Build.0 = Release|Any CPU
		{7596CA0A-210F-4D44-BAAF-B808ECC15A3D}.Debug|Any CPU.ActiveCfg = Debug|Any CPU
		{7596CA0A-210F-4D44-BAAF-B808ECC15A3D}.Debug|Any CPU.Build.0 = Debug|Any CPU
		{7596CA0A-210F-4D44-BAAF-B808ECC15A3D}.Release|Any CPU.ActiveCfg = Release|Any CPU
		{7596CA0A-210F-4D44-BAAF-B808ECC15A3D}.Release|Any CPU.Build.0 = Release|Any CPU
		{DA6438C6-3628-45C1-A3B1-14D1A4295B2B}.Debug|Any CPU.ActiveCfg = Debug|Any CPU
		{DA6438C6-3628-45C1-A3B1-14D1A4295B2B}.Debug|Any CPU.Build.0 = Debug|Any CPU
		{DA6438C6-3628-45C1-A3B1-14D1A4295B2B}.Release|Any CPU.ActiveCfg = Release|Any CPU
		{DA6438C6-3628-45C1-A3B1-14D1A4295B2B}.Release|Any CPU.Build.0 = Release|Any CPU
		{8B683F96-6D4F-4B61-BD26-747D06A7F4F5}.Debug|Any CPU.ActiveCfg = Debug|Any CPU
		{8B683F96-6D4F-4B61-BD26-747D06A7F4F5}.Debug|Any CPU.Build.0 = Debug|Any CPU
		{8B683F96-6D4F-4B61-BD26-747D06A7F4F5}.Release|Any CPU.ActiveCfg = Release|Any CPU
		{8B683F96-6D4F-4B61-BD26-747D06A7F4F5}.Release|Any CPU.Build.0 = Release|Any CPU
		{4AF13C7C-524F-46B4-AE17-2D544EE26621}.Debug|Any CPU.ActiveCfg = Debug|Any CPU
		{4AF13C7C-524F-46B4-AE17-2D544EE26621}.Debug|Any CPU.Build.0 = Debug|Any CPU
		{4AF13C7C-524F-46B4-AE17-2D544EE26621}.Release|Any CPU.ActiveCfg = Release|Any CPU
		{4AF13C7C-524F-46B4-AE17-2D544EE26621}.Release|Any CPU.Build.0 = Release|Any CPU
	EndGlobalSection
	GlobalSection(SolutionProperties) = preSolution
		HideSolutionNode = FALSE
	EndGlobalSection
EndGlobal
